// !$*UTF8*$!
{
	archiveVersion = 1;
	classes = {
	};
	objectVersion = 48;
	objects = {

/* Begin PBXBuildFile section */
		5762A49A204CF4E4004E481F /* AppDelegate.swift in Sources */ = {isa = PBXBuildFile; fileRef = 5762A499204CF4E4004E481F /* AppDelegate.swift */; };
		5762A49C204CF4E4004E481F /* ViewController.swift in Sources */ = {isa = PBXBuildFile; fileRef = 5762A49B204CF4E4004E481F /* ViewController.swift */; };
		5762A49F204CF4E4004E481F /* Main.storyboard in Resources */ = {isa = PBXBuildFile; fileRef = 5762A49D204CF4E4004E481F /* Main.storyboard */; };
		5762A4A1204CF4E4004E481F /* Assets.xcassets in Resources */ = {isa = PBXBuildFile; fileRef = 5762A4A0204CF4E4004E481F /* Assets.xcassets */; };
		5762A4A4204CF4E4004E481F /* LaunchScreen.storyboard in Resources */ = {isa = PBXBuildFile; fileRef = 5762A4A2204CF4E4004E481F /* LaunchScreen.storyboard */; };
		5762A4AF204CF4E4004E481F /* TableViewPanGestureTests.swift in Sources */ = {isa = PBXBuildFile; fileRef = 5762A4AE204CF4E4004E481F /* TableViewPanGestureTests.swift */; };
		67BFA005E682C6A67C91D5C6 /* Pods_TableViewPanGesture.framework in Frameworks */ = {isa = PBXBuildFile; fileRef = 073317181769EC92E73EC53E /* Pods_TableViewPanGesture.framework */; };
		AD6F6C4B3037AD2B0A4643D3 /* Pods_TableViewPanGestureTests.framework in Frameworks */ = {isa = PBXBuildFile; fileRef = E6471AD875C674C13B591957 /* Pods_TableViewPanGestureTests.framework */; };
/* End PBXBuildFile section */

/* Begin PBXContainerItemProxy section */
		5762A4AB204CF4E4004E481F /* PBXContainerItemProxy */ = {
			isa = PBXContainerItemProxy;
			containerPortal = 5762A48E204CF4E4004E481F /* Project object */;
			proxyType = 1;
			remoteGlobalIDString = 5762A495204CF4E4004E481F;
			remoteInfo = TableViewPanGesture;
		};
/* End PBXContainerItemProxy section */

/* Begin PBXFileReference section */
		073317181769EC92E73EC53E /* Pods_TableViewPanGesture.framework */ = {isa = PBXFileReference; explicitFileType = wrapper.framework; includeInIndex = 0; path = Pods_TableViewPanGesture.framework; sourceTree = BUILT_PRODUCTS_DIR; };
		1EB70C69BB4F30F0AA26F848 /* Pods-TableViewPanGesture.release.xcconfig */ = {isa = PBXFileReference; includeInIndex = 1; lastKnownFileType = text.xcconfig; name = "Pods-TableViewPanGesture.release.xcconfig"; path = "Pods/Target Support Files/Pods-TableViewPanGesture/Pods-TableViewPanGesture.release.xcconfig"; sourceTree = "<group>"; };
		2003E38DEF41993C4B543A4B /* Pods-TableViewPanGesture.debug.xcconfig */ = {isa = PBXFileReference; includeInIndex = 1; lastKnownFileType = text.xcconfig; name = "Pods-TableViewPanGesture.debug.xcconfig"; path = "Pods/Target Support Files/Pods-TableViewPanGesture/Pods-TableViewPanGesture.debug.xcconfig"; sourceTree = "<group>"; };
		5762A496204CF4E4004E481F /* TableViewPanGesture.app */ = {isa = PBXFileReference; explicitFileType = wrapper.application; includeInIndex = 0; path = TableViewPanGesture.app; sourceTree = BUILT_PRODUCTS_DIR; };
		5762A499204CF4E4004E481F /* AppDelegate.swift */ = {isa = PBXFileReference; lastKnownFileType = sourcecode.swift; path = AppDelegate.swift; sourceTree = "<group>"; };
		5762A49B204CF4E4004E481F /* ViewController.swift */ = {isa = PBXFileReference; lastKnownFileType = sourcecode.swift; path = ViewController.swift; sourceTree = "<group>"; };
		5762A49E204CF4E4004E481F /* Base */ = {isa = PBXFileReference; lastKnownFileType = file.storyboard; name = Base; path = Base.lproj/Main.storyboard; sourceTree = "<group>"; };
		5762A4A0204CF4E4004E481F /* Assets.xcassets */ = {isa = PBXFileReference; lastKnownFileType = folder.assetcatalog; path = Assets.xcassets; sourceTree = "<group>"; };
		5762A4A3204CF4E4004E481F /* Base */ = {isa = PBXFileReference; lastKnownFileType = file.storyboard; name = Base; path = Base.lproj/LaunchScreen.storyboard; sourceTree = "<group>"; };
		5762A4A5204CF4E4004E481F /* Info.plist */ = {isa = PBXFileReference; lastKnownFileType = text.plist.xml; path = Info.plist; sourceTree = "<group>"; };
		5762A4AA204CF4E4004E481F /* TableViewPanGestureTests.xctest */ = {isa = PBXFileReference; explicitFileType = wrapper.cfbundle; includeInIndex = 0; path = TableViewPanGestureTests.xctest; sourceTree = BUILT_PRODUCTS_DIR; };
		5762A4AE204CF4E4004E481F /* TableViewPanGestureTests.swift */ = {isa = PBXFileReference; lastKnownFileType = sourcecode.swift; path = TableViewPanGestureTests.swift; sourceTree = "<group>"; };
		5762A4B0204CF4E4004E481F /* Info.plist */ = {isa = PBXFileReference; lastKnownFileType = text.plist.xml; path = Info.plist; sourceTree = "<group>"; };
		6128E469778787E6BBEC19FD /* Pods-TableViewPanGestureTests.debug.xcconfig */ = {isa = PBXFileReference; includeInIndex = 1; lastKnownFileType = text.xcconfig; name = "Pods-TableViewPanGestureTests.debug.xcconfig"; path = "Pods/Target Support Files/Pods-TableViewPanGestureTests/Pods-TableViewPanGestureTests.debug.xcconfig"; sourceTree = "<group>"; };
		E6471AD875C674C13B591957 /* Pods_TableViewPanGestureTests.framework */ = {isa = PBXFileReference; explicitFileType = wrapper.framework; includeInIndex = 0; path = Pods_TableViewPanGestureTests.framework; sourceTree = BUILT_PRODUCTS_DIR; };
		F598673891B91B354575C2E1 /* Pods-TableViewPanGestureTests.release.xcconfig */ = {isa = PBXFileReference; includeInIndex = 1; lastKnownFileType = text.xcconfig; name = "Pods-TableViewPanGestureTests.release.xcconfig"; path = "Pods/Target Support Files/Pods-TableViewPanGestureTests/Pods-TableViewPanGestureTests.release.xcconfig"; sourceTree = "<group>"; };
/* End PBXFileReference section */

/* Begin PBXFrameworksBuildPhase section */
		5762A493204CF4E4004E481F /* Frameworks */ = {
			isa = PBXFrameworksBuildPhase;
			buildActionMask = 2147483647;
			files = (
				67BFA005E682C6A67C91D5C6 /* Pods_TableViewPanGesture.framework in Frameworks */,
			);
			runOnlyForDeploymentPostprocessing = 0;
		};
		5762A4A7204CF4E4004E481F /* Frameworks */ = {
			isa = PBXFrameworksBuildPhase;
			buildActionMask = 2147483647;
			files = (
				AD6F6C4B3037AD2B0A4643D3 /* Pods_TableViewPanGestureTests.framework in Frameworks */,
			);
			runOnlyForDeploymentPostprocessing = 0;
		};
/* End PBXFrameworksBuildPhase section */

/* Begin PBXGroup section */
		5762A48D204CF4E4004E481F = {
			isa = PBXGroup;
			children = (
				5762A498204CF4E4004E481F /* TableViewPanGesture */,
				5762A4AD204CF4E4004E481F /* TableViewPanGestureTests */,
				5762A497204CF4E4004E481F /* Products */,
				ECC06994AFECFE961A247CD1 /* Pods */,
				63769C0053B6DF32CDAED973 /* Frameworks */,
			);
			sourceTree = "<group>";
		};
		5762A497204CF4E4004E481F /* Products */ = {
			isa = PBXGroup;
			children = (
				5762A496204CF4E4004E481F /* TableViewPanGesture.app */,
				5762A4AA204CF4E4004E481F /* TableViewPanGestureTests.xctest */,
			);
			name = Products;
			sourceTree = "<group>";
		};
		5762A498204CF4E4004E481F /* TableViewPanGesture */ = {
			isa = PBXGroup;
			children = (
				5762A499204CF4E4004E481F /* AppDelegate.swift */,
				5762A49B204CF4E4004E481F /* ViewController.swift */,
				5762A49D204CF4E4004E481F /* Main.storyboard */,
				5762A4A0204CF4E4004E481F /* Assets.xcassets */,
				5762A4A2204CF4E4004E481F /* LaunchScreen.storyboard */,
				5762A4A5204CF4E4004E481F /* Info.plist */,
			);
			path = TableViewPanGesture;
			sourceTree = "<group>";
		};
		5762A4AD204CF4E4004E481F /* TableViewPanGestureTests */ = {
			isa = PBXGroup;
			children = (
				5762A4AE204CF4E4004E481F /* TableViewPanGestureTests.swift */,
				5762A4B0204CF4E4004E481F /* Info.plist */,
			);
			path = TableViewPanGestureTests;
			sourceTree = "<group>";
		};
		63769C0053B6DF32CDAED973 /* Frameworks */ = {
			isa = PBXGroup;
			children = (
				073317181769EC92E73EC53E /* Pods_TableViewPanGesture.framework */,
				E6471AD875C674C13B591957 /* Pods_TableViewPanGestureTests.framework */,
			);
			name = Frameworks;
			sourceTree = "<group>";
		};
		ECC06994AFECFE961A247CD1 /* Pods */ = {
			isa = PBXGroup;
			children = (
				2003E38DEF41993C4B543A4B /* Pods-TableViewPanGesture.debug.xcconfig */,
				1EB70C69BB4F30F0AA26F848 /* Pods-TableViewPanGesture.release.xcconfig */,
				6128E469778787E6BBEC19FD /* Pods-TableViewPanGestureTests.debug.xcconfig */,
				F598673891B91B354575C2E1 /* Pods-TableViewPanGestureTests.release.xcconfig */,
			);
			name = Pods;
			sourceTree = "<group>";
		};
/* End PBXGroup section */

/* Begin PBXNativeTarget section */
		5762A495204CF4E4004E481F /* TableViewPanGesture */ = {
			isa = PBXNativeTarget;
			buildConfigurationList = 5762A4B3204CF4E4004E481F /* Build configuration list for PBXNativeTarget "TableViewPanGesture" */;
			buildPhases = (
				E3C9AE88AC9CBF8C3EC2A922 /* [CP] Check Pods Manifest.lock */,
				5762A492204CF4E4004E481F /* Sources */,
				5762A493204CF4E4004E481F /* Frameworks */,
				5762A494204CF4E4004E481F /* Resources */,
				4476C996FE481CDCBE54EA3C /* [CP] Embed Pods Frameworks */,
				A6DD48896B2131B806EE7B4D /* [CP] Copy Pods Resources */,
			);
			buildRules = (
			);
			dependencies = (
			);
			name = TableViewPanGesture;
			productName = TableViewPanGesture;
			productReference = 5762A496204CF4E4004E481F /* TableViewPanGesture.app */;
			productType = "com.apple.product-type.application";
		};
		5762A4A9204CF4E4004E481F /* TableViewPanGestureTests */ = {
			isa = PBXNativeTarget;
			buildConfigurationList = 5762A4B6204CF4E4004E481F /* Build configuration list for PBXNativeTarget "TableViewPanGestureTests" */;
			buildPhases = (
				693721731DDAFBA92E0DDA39 /* [CP] Check Pods Manifest.lock */,
				5762A4A6204CF4E4004E481F /* Sources */,
				5762A4A7204CF4E4004E481F /* Frameworks */,
				5762A4A8204CF4E4004E481F /* Resources */,
				53FB497F2D1000530AA079B9 /* [CP] Embed Pods Frameworks */,
				DA8EA19FDE63BE4345B58ECF /* [CP] Copy Pods Resources */,
			);
			buildRules = (
			);
			dependencies = (
				5762A4AC204CF4E4004E481F /* PBXTargetDependency */,
			);
			name = TableViewPanGestureTests;
			productName = TableViewPanGestureTests;
			productReference = 5762A4AA204CF4E4004E481F /* TableViewPanGestureTests.xctest */;
			productType = "com.apple.product-type.bundle.unit-test";
		};
/* End PBXNativeTarget section */

/* Begin PBXProject section */
		5762A48E204CF4E4004E481F /* Project object */ = {
			isa = PBXProject;
			attributes = {
				LastSwiftUpdateCheck = 0920;
				LastUpgradeCheck = 0920;
				ORGANIZATIONNAME = "Alex Paul";
				TargetAttributes = {
					5762A495204CF4E4004E481F = {
						CreatedOnToolsVersion = 9.2;
						ProvisioningStyle = Automatic;
					};
					5762A4A9204CF4E4004E481F = {
						CreatedOnToolsVersion = 9.2;
						ProvisioningStyle = Automatic;
						TestTargetID = 5762A495204CF4E4004E481F;
					};
				};
			};
			buildConfigurationList = 5762A491204CF4E4004E481F /* Build configuration list for PBXProject "TableViewPanGesture" */;
			compatibilityVersion = "Xcode 8.0";
			developmentRegion = en;
			hasScannedForEncodings = 0;
			knownRegions = (
				en,
				Base,
			);
			mainGroup = 5762A48D204CF4E4004E481F;
			productRefGroup = 5762A497204CF4E4004E481F /* Products */;
			projectDirPath = "";
			projectRoot = "";
			targets = (
				5762A495204CF4E4004E481F /* TableViewPanGesture */,
				5762A4A9204CF4E4004E481F /* TableViewPanGestureTests */,
			);
		};
/* End PBXProject section */

/* Begin PBXResourcesBuildPhase section */
		5762A494204CF4E4004E481F /* Resources */ = {
			isa = PBXResourcesBuildPhase;
			buildActionMask = 2147483647;
			files = (
				5762A4A4204CF4E4004E481F /* LaunchScreen.storyboard in Resources */,
				5762A4A1204CF4E4004E481F /* Assets.xcassets in Resources */,
				5762A49F204CF4E4004E481F /* Main.storyboard in Resources */,
			);
			runOnlyForDeploymentPostprocessing = 0;
		};
		5762A4A8204CF4E4004E481F /* Resources */ = {
			isa = PBXResourcesBuildPhase;
			buildActionMask = 2147483647;
			files = (
			);
			runOnlyForDeploymentPostprocessing = 0;
		};
/* End PBXResourcesBuildPhase section */

/* Begin PBXShellScriptBuildPhase section */
		4476C996FE481CDCBE54EA3C /* [CP] Embed Pods Frameworks */ = {
			isa = PBXShellScriptBuildPhase;
			buildActionMask = 2147483647;
			files = (
			);
			inputPaths = (
				"${SRCROOT}/Pods/Target Support Files/Pods-TableViewPanGesture/Pods-TableViewPanGesture-frameworks.sh",
				"${BUILT_PRODUCTS_DIR}/Fakery/Fakery.framework",
			);
			name = "[CP] Embed Pods Frameworks";
			outputPaths = (
				"${TARGET_BUILD_DIR}/${FRAMEWORKS_FOLDER_PATH}/Fakery.framework",
			);
			runOnlyForDeploymentPostprocessing = 0;
			shellPath = /bin/sh;
			shellScript = "\"${SRCROOT}/Pods/Target Support Files/Pods-TableViewPanGesture/Pods-TableViewPanGesture-frameworks.sh\"\n";
			showEnvVarsInLog = 0;
		};
		53FB497F2D1000530AA079B9 /* [CP] Embed Pods Frameworks */ = {
			isa = PBXShellScriptBuildPhase;
			buildActionMask = 2147483647;
			files = (
			);
			inputPaths = (
			);
			name = "[CP] Embed Pods Frameworks";
			outputPaths = (
			);
			runOnlyForDeploymentPostprocessing = 0;
			shellPath = /bin/sh;
			shellScript = "\"${SRCROOT}/Pods/Target Support Files/Pods-TableViewPanGestureTests/Pods-TableViewPanGestureTests-frameworks.sh\"\n";
			showEnvVarsInLog = 0;
		};
		693721731DDAFBA92E0DDA39 /* [CP] Check Pods Manifest.lock */ = {
			isa = PBXShellScriptBuildPhase;
			buildActionMask = 2147483647;
			files = (
			);
			inputPaths = (
				"${PODS_PODFILE_DIR_PATH}/Podfile.lock",
				"${PODS_ROOT}/Manifest.lock",
			);
			name = "[CP] Check Pods Manifest.lock";
			outputPaths = (
				"$(DERIVED_FILE_DIR)/Pods-TableViewPanGestureTests-checkManifestLockResult.txt",
			);
			runOnlyForDeploymentPostprocessing = 0;
			shellPath = /bin/sh;
			shellScript = "diff \"${PODS_PODFILE_DIR_PATH}/Podfile.lock\" \"${PODS_ROOT}/Manifest.lock\" > /dev/null\nif [ $? != 0 ] ; then\n    # print error to STDERR\n    echo \"error: The sandbox is not in sync with the Podfile.lock. Run 'pod install' or update your CocoaPods installation.\" >&2\n    exit 1\nfi\n# This output is used by Xcode 'outputs' to avoid re-running this script phase.\necho \"SUCCESS\" > \"${SCRIPT_OUTPUT_FILE_0}\"\n";
			showEnvVarsInLog = 0;
		};
		A6DD48896B2131B806EE7B4D /* [CP] Copy Pods Resources */ = {
			isa = PBXShellScriptBuildPhase;
			buildActionMask = 2147483647;
			files = (
			);
			inputPaths = (
			);
			name = "[CP] Copy Pods Resources";
			outputPaths = (
			);
			runOnlyForDeploymentPostprocessing = 0;
			shellPath = /bin/sh;
			shellScript = "\"${SRCROOT}/Pods/Target Support Files/Pods-TableViewPanGesture/Pods-TableViewPanGesture-resources.sh\"\n";
			showEnvVarsInLog = 0;
		};
		DA8EA19FDE63BE4345B58ECF /* [CP] Copy Pods Resources */ = {
			isa = PBXShellScriptBuildPhase;
			buildActionMask = 2147483647;
			files = (
			);
			inputPaths = (
			);
			name = "[CP] Copy Pods Resources";
			outputPaths = (
			);
			runOnlyForDeploymentPostprocessing = 0;
			shellPath = /bin/sh;
			shellScript = "\"${SRCROOT}/Pods/Target Support Files/Pods-TableViewPanGestureTests/Pods-TableViewPanGestureTests-resources.sh\"\n";
			showEnvVarsInLog = 0;
		};
		E3C9AE88AC9CBF8C3EC2A922 /* [CP] Check Pods Manifest.lock */ = {
			isa = PBXShellScriptBuildPhase;
			buildActionMask = 2147483647;
			files = (
			);
			inputPaths = (
				"${PODS_PODFILE_DIR_PATH}/Podfile.lock",
				"${PODS_ROOT}/Manifest.lock",
			);
			name = "[CP] Check Pods Manifest.lock";
			outputPaths = (
				"$(DERIVED_FILE_DIR)/Pods-TableViewPanGesture-checkManifestLockResult.txt",
			);
			runOnlyForDeploymentPostprocessing = 0;
			shellPath = /bin/sh;
			shellScript = "diff \"${PODS_PODFILE_DIR_PATH}/Podfile.lock\" \"${PODS_ROOT}/Manifest.lock\" > /dev/null\nif [ $? != 0 ] ; then\n    # print error to STDERR\n    echo \"error: The sandbox is not in sync with the Podfile.lock. Run 'pod install' or update your CocoaPods installation.\" >&2\n    exit 1\nfi\n# This output is used by Xcode 'outputs' to avoid re-running this script phase.\necho \"SUCCESS\" > \"${SCRIPT_OUTPUT_FILE_0}\"\n";
			showEnvVarsInLog = 0;
		};
/* End PBXShellScriptBuildPhase section */

/* Begin PBXSourcesBuildPhase section */
		5762A492204CF4E4004E481F /* Sources */ = {
			isa = PBXSourcesBuildPhase;
			buildActionMask = 2147483647;
			files = (
				5762A49C204CF4E4004E481F /* ViewController.swift in Sources */,
				5762A49A204CF4E4004E481F /* AppDelegate.swift in Sources */,
			);
			runOnlyForDeploymentPostprocessing = 0;
		};
		5762A4A6204CF4E4004E481F /* Sources */ = {
			isa = PBXSourcesBuildPhase;
			buildActionMask = 2147483647;
			files = (
				5762A4AF204CF4E4004E481F /* TableViewPanGestureTests.swift in Sources */,
			);
			runOnlyForDeploymentPostprocessing = 0;
		};
/* End PBXSourcesBuildPhase section */

/* Begin PBXTargetDependency section */
		5762A4AC204CF4E4004E481F /* PBXTargetDependency */ = {
			isa = PBXTargetDependency;
			target = 5762A495204CF4E4004E481F /* TableViewPanGesture */;
			targetProxy = 5762A4AB204CF4E4004E481F /* PBXContainerItemProxy */;
		};
/* End PBXTargetDependency section */

/* Begin PBXVariantGroup section */
		5762A49D204CF4E4004E481F /* Main.storyboard */ = {
			isa = PBXVariantGroup;
			children = (
				5762A49E204CF4E4004E481F /* Base */,
			);
			name = Main.storyboard;
			sourceTree = "<group>";
		};
		5762A4A2204CF4E4004E481F /* LaunchScreen.storyboard */ = {
			isa = PBXVariantGroup;
			children = (
				5762A4A3204CF4E4004E481F /* Base */,
			);
			name = LaunchScreen.storyboard;
			sourceTree = "<group>";
		};
/* End PBXVariantGroup section */

/* Begin XCBuildConfiguration section */
		5762A4B1204CF4E4004E481F /* Debug */ = {
			isa = XCBuildConfiguration;
			buildSettings = {
				ALWAYS_SEARCH_USER_PATHS = NO;
				CLANG_ANALYZER_NONNULL = YES;
				CLANG_ANALYZER_NUMBER_OBJECT_CONVERSION = YES_AGGRESSIVE;
				CLANG_CXX_LANGUAGE_STANDARD = "gnu++14";
				CLANG_CXX_LIBRARY = "libc++";
				CLANG_ENABLE_MODULES = YES;
				CLANG_ENABLE_OBJC_ARC = YES;
				CLANG_WARN_BLOCK_CAPTURE_AUTORELEASING = YES;
				CLANG_WARN_BOOL_CONVERSION = YES;
				CLANG_WARN_COMMA = YES;
				CLANG_WARN_CONSTANT_CONVERSION = YES;
				CLANG_WARN_DIRECT_OBJC_ISA_USAGE = YES_ERROR;
				CLANG_WARN_DOCUMENTATION_COMMENTS = YES;
				CLANG_WARN_EMPTY_BODY = YES;
				CLANG_WARN_ENUM_CONVERSION = YES;
				CLANG_WARN_INFINITE_RECURSION = YES;
				CLANG_WARN_INT_CONVERSION = YES;
				CLANG_WARN_NON_LITERAL_NULL_CONVERSION = YES;
				CLANG_WARN_OBJC_LITERAL_CONVERSION = YES;
				CLANG_WARN_OBJC_ROOT_CLASS = YES_ERROR;
				CLANG_WARN_RANGE_LOOP_ANALYSIS = YES;
				CLANG_WARN_STRICT_PROTOTYPES = YES;
				CLANG_WARN_SUSPICIOUS_MOVE = YES;
				CLANG_WARN_UNGUARDED_AVAILABILITY = YES_AGGRESSIVE;
				CLANG_WARN_UNREACHABLE_CODE = YES;
				CLANG_WARN__DUPLICATE_METHOD_MATCH = YES;
				CODE_SIGN_IDENTITY = "iPhone Developer";
				COPY_PHASE_STRIP = NO;
				DEBUG_INFORMATION_FORMAT = dwarf;
				ENABLE_STRICT_OBJC_MSGSEND = YES;
				ENABLE_TESTABILITY = YES;
				GCC_C_LANGUAGE_STANDARD = gnu11;
				GCC_DYNAMIC_NO_PIC = NO;
				GCC_NO_COMMON_BLOCKS = YES;
				GCC_OPTIMIZATION_LEVEL = 0;
				GCC_PREPROCESSOR_DEFINITIONS = (
					"DEBUG=1",
					"$(inherited)",
				);
				GCC_WARN_64_TO_32_BIT_CONVERSION = YES;
				GCC_WARN_ABOUT_RETURN_TYPE = YES_ERROR;
				GCC_WARN_UNDECLARED_SELECTOR = YES;
				GCC_WARN_UNINITIALIZED_AUTOS = YES_AGGRESSIVE;
				GCC_WARN_UNUSED_FUNCTION = YES;
				GCC_WARN_UNUSED_VARIABLE = YES;
				IPHONEOS_DEPLOYMENT_TARGET = 11.2;
				MTL_ENABLE_DEBUG_INFO = YES;
				ONLY_ACTIVE_ARCH = YES;
				SDKROOT = iphoneos;
				SWIFT_ACTIVE_COMPILATION_CONDITIONS = DEBUG;
				SWIFT_OPTIMIZATION_LEVEL = "-Onone";
			};
			name = Debug;
		};
		5762A4B2204CF4E4004E481F /* Release */ = {
			isa = XCBuildConfiguration;
			buildSettings = {
				ALWAYS_SEARCH_USER_PATHS = NO;
				CLANG_ANALYZER_NONNULL = YES;
				CLANG_ANALYZER_NUMBER_OBJECT_CONVERSION = YES_AGGRESSIVE;
				CLANG_CXX_LANGUAGE_STANDARD = "gnu++14";
				CLANG_CXX_LIBRARY = "libc++";
				CLANG_ENABLE_MODULES = YES;
				CLANG_ENABLE_OBJC_ARC = YES;
				CLANG_WARN_BLOCK_CAPTURE_AUTORELEASING = YES;
				CLANG_WARN_BOOL_CONVERSION = YES;
				CLANG_WARN_COMMA = YES;
				CLANG_WARN_CONSTANT_CONVERSION = YES;
				CLANG_WARN_DIRECT_OBJC_ISA_USAGE = YES_ERROR;
				CLANG_WARN_DOCUMENTATION_COMMENTS = YES;
				CLANG_WARN_EMPTY_BODY = YES;
				CLANG_WARN_ENUM_CONVERSION = YES;
				CLANG_WARN_INFINITE_RECURSION = YES;
				CLANG_WARN_INT_CONVERSION = YES;
				CLANG_WARN_NON_LITERAL_NULL_CONVERSION = YES;
				CLANG_WARN_OBJC_LITERAL_CONVERSION = YES;
				CLANG_WARN_OBJC_ROOT_CLASS = YES_ERROR;
				CLANG_WARN_RANGE_LOOP_ANALYSIS = YES;
				CLANG_WARN_STRICT_PROTOTYPES = YES;
				CLANG_WARN_SUSPICIOUS_MOVE = YES;
				CLANG_WARN_UNGUARDED_AVAILABILITY = YES_AGGRESSIVE;
				CLANG_WARN_UNREACHABLE_CODE = YES;
				CLANG_WARN__DUPLICATE_METHOD_MATCH = YES;
				CODE_SIGN_IDENTITY = "iPhone Developer";
				COPY_PHASE_STRIP = NO;
				DEBUG_INFORMATION_FORMAT = "dwarf-with-dsym";
				ENABLE_NS_ASSERTIONS = NO;
				ENABLE_STRICT_OBJC_MSGSEND = YES;
				GCC_C_LANGUAGE_STANDARD = gnu11;
				GCC_NO_COMMON_BLOCKS = YES;
				GCC_WARN_64_TO_32_BIT_CONVERSION = YES;
				GCC_WARN_ABOUT_RETURN_TYPE = YES_ERROR;
				GCC_WARN_UNDECLARED_SELECTOR = YES;
				GCC_WARN_UNINITIALIZED_AUTOS = YES_AGGRESSIVE;
				GCC_WARN_UNUSED_FUNCTION = YES;
				GCC_WARN_UNUSED_VARIABLE = YES;
				IPHONEOS_DEPLOYMENT_TARGET = 11.2;
				MTL_ENABLE_DEBUG_INFO = NO;
				SDKROOT = iphoneos;
				SWIFT_OPTIMIZATION_LEVEL = "-Owholemodule";
				VALIDATE_PRODUCT = YES;
			};
			name = Release;
		};
		5762A4B4204CF4E4004E481F /* Debug */ = {
			isa = XCBuildConfiguration;
			baseConfigurationReference = 2003E38DEF41993C4B543A4B /* Pods-TableViewPanGesture.debug.xcconfig */;
			buildSettings = {
				ASSETCATALOG_COMPILER_APPICON_NAME = AppIcon;
				CODE_SIGN_STYLE = Automatic;
				DEVELOPMENT_TEAM = ZEKMNK5YD3;
				INFOPLIST_FILE = TableViewPanGesture/Info.plist;
				LD_RUNPATH_SEARCH_PATHS = "$(inherited) @executable_path/Frameworks";
				PRODUCT_BUNDLE_IDENTIFIER = com.alexcpaul.TableViewPanGesture;
				PRODUCT_NAME = "$(TARGET_NAME)";
				SWIFT_VERSION = 4.0;
				TARGETED_DEVICE_FAMILY = "1,2";
			};
			name = Debug;
		};
		5762A4B5204CF4E4004E481F /* Release */ = {
			isa = XCBuildConfiguration;
			baseConfigurationReference = 1EB70C69BB4F30F0AA26F848 /* Pods-TableViewPanGesture.release.xcconfig */;
			buildSettings = {
				ASSETCATALOG_COMPILER_APPICON_NAME = AppIcon;
				CODE_SIGN_STYLE = Automatic;
				DEVELOPMENT_TEAM = ZEKMNK5YD3;
				INFOPLIST_FILE = TableViewPanGesture/Info.plist;
				LD_RUNPATH_SEARCH_PATHS = "$(inherited) @executable_path/Frameworks";
				PRODUCT_BUNDLE_IDENTIFIER = com.alexcpaul.TableViewPanGesture;
				PRODUCT_NAME = "$(TARGET_NAME)";
				SWIFT_VERSION = 4.0;
				TARGETED_DEVICE_FAMILY = "1,2";
			};
			name = Release;
		};
		5762A4B7204CF4E4004E481F /* Debug */ = {
			isa = XCBuildConfiguration;
			baseConfigurationReference = 6128E469778787E6BBEC19FD /* Pods-TableViewPanGestureTests.debug.xcconfig */;
			buildSettings = {
				ALWAYS_EMBED_SWIFT_STANDARD_LIBRARIES = YES;
				BUNDLE_LOADER = "$(TEST_HOST)";
				CODE_SIGN_STYLE = Automatic;
				DEVELOPMENT_TEAM = ZEKMNK5YD3;
				INFOPLIST_FILE = TableViewPanGestureTests/Info.plist;
				LD_RUNPATH_SEARCH_PATHS = "$(inherited) @executable_path/Frameworks @loader_path/Frameworks";
				PRODUCT_BUNDLE_IDENTIFIER = com.alexcpaul.TableViewPanGestureTests;
				PRODUCT_NAME = "$(TARGET_NAME)";
				SWIFT_VERSION = 4.0;
				TARGETED_DEVICE_FAMILY = "1,2";
				TEST_HOST = "$(BUILT_PRODUCTS_DIR)/TableViewPanGesture.app/TableViewPanGesture";
			};
			name = Debug;
		};
		5762A4B8204CF4E4004E481F /* Release */ = {
			isa = XCBuildConfiguration;
			baseConfigurationReference = F598673891B91B354575C2E1 /* Pods-TableViewPanGestureTests.release.xcconfig */;
			buildSettings = {
				ALWAYS_EMBED_SWIFT_STANDARD_LIBRARIES = YES;
				BUNDLE_LOADER = "$(TEST_HOST)";
				CODE_SIGN_STYLE = Automatic;
				DEVELOPMENT_TEAM = ZEKMNK5YD3;
				INFOPLIST_FILE = TableViewPanGestureTests/Info.plist;
				LD_RUNPATH_SEARCH_PATHS = "$(inherited) @executable_path/Frameworks @loader_path/Frameworks";
				PRODUCT_BUNDLE_IDENTIFIER = com.alexcpaul.TableViewPanGestureTests;
				PRODUCT_NAME = "$(TARGET_NAME)";
				SWIFT_VERSION = 4.0;
				TARGETED_DEVICE_FAMILY = "1,2";
				TEST_HOST = "$(BUILT_PRODUCTS_DIR)/TableViewPanGesture.app/TableViewPanGesture";
			};
			name = Release;
		};
/* End XCBuildConfiguration section */

/* Begin XCConfigurationList section */
		5762A491204CF4E4004E481F /* Build configuration list for PBXProject "TableViewPanGesture" */ = {
			isa = XCConfigurationList;
			buildConfigurations = (
				5762A4B1204CF4E4004E481F /* Debug */,
				5762A4B2204CF4E4004E481F /* Release */,
			);
			defaultConfigurationIsVisible = 0;
			defaultConfigurationName = Release;
		};
		5762A4B3204CF4E4004E481F /* Build configuration list for PBXNativeTarget "TableViewPanGesture" */ = {
			isa = XCConfigurationList;
			buildConfigurations = (
				5762A4B4204CF4E4004E481F /* Debug */,
				5762A4B5204CF4E4004E481F /* Release */,
			);
			defaultConfigurationIsVisible = 0;
			defaultConfigurationName = Release;
		};
		5762A4B6204CF4E4004E481F /* Build configuration list for PBXNativeTarget "TableViewPanGestureTests" */ = {
			isa = XCConfigurationList;
			buildConfigurations = (
				5762A4B7204CF4E4004E481F /* Debug */,
				5762A4B8204CF4E4004E481F /* Release */,
			);
			defaultConfigurationIsVisible = 0;
			defaultConfigurationName = Release;
		};
/* End XCConfigurationList section */
	};
	rootObject = 5762A48E204CF4E4004E481F /* Project object */;
}
